
Microsoft Visual Studio Solution File, Format Version 12.00
# Visual Studio Version 17
VisualStudioVersion = 17.8.34511.84
MinimumVisualStudioVersion = 10.0.40219.1
Project("{FAE04EC0-301F-11D3-BF4B-00C04F79EFBC}") = "Dictionar", "Dictionar.csproj", "{0B5C3BAF-6F7B-4E00-AB1F-DB93C19FEE46}"
EndProject
Global
	GlobalSection(SolutionConfigurationPlatforms) = preSolution
		Debug|Any CPU = Debug|Any CPU
		Release|Any CPU = Release|Any CPU
	EndGlobalSection
	GlobalSection(ProjectConfigurationPlatforms) = postSolution
		{0B5C3BAF-6F7B-4E00-AB1F-DB93C19FEE46}.Debug|Any CPU.ActiveCfg = Debug|Any CPU
		{0B5C3BAF-6F7B-4E00-AB1F-DB93C19FEE46}.Debug|Any CPU.Build.0 = Debug|Any CPU
		{0B5C3BAF-6F7B-4E00-AB1F-DB93C19FEE46}.Release|Any CPU.ActiveCfg = Release|Any CPU
		{0B5C3BAF-6F7B-4E00-AB1F-DB93C19FEE46}.Release|Any CPU.Build.0 = Release|Any CPU
	EndGlobalSection
	GlobalSection(SolutionProperties) = preSolution
		HideSolutionNode = FALSE
	EndGlobalSection
	GlobalSection(ExtensibilityGlobals) = postSolution
		SolutionGuid = {4FA5556D-FBB9-4A8F-ACD1-986E712FA1C1}
	EndGlobalSection
EndGlobal
